lockfileVersion: '9.0'

settings:
  autoInstallPeers: true
  excludeLinksFromLockfile: false

importers:

  .:
    dependencies:
      signalr:
        specifier: ^2.4.3
        version: 2.4.3

packages:

  jquery@3.7.1:
    resolution: {integrity: sha512-m4avr8yL8kmFN8psrbFFFmB/If14iN5o9nw/NgnnM+kybDJpRsAynV2BsfpTYrTRysYUdADVD7CkUUizgkpLfg==}

  signalr@2.4.3:
    resolution: {integrity: sha512-RbBKFVCZvDgyyxZDeu6Yck9T+diZO07GB0bDiKondUhBY1H8JRQSOq8R0pLkf47ddllQAssYlp7ckQAeom24mw==}

snapshots:

  jquery@3.7.1: {}

  signalr@2.4.3:
    dependencies:
      jquery: 3.7.1
